{
  "name": "vuequeryfilter",
  "version": "1.0.0",
  "lockfileVersion": 1,
  "requires": true,
  "dependencies": {
    "giorno": {
      "version": "1.0.0",
      "resolved": "https://registry.npmjs.org/giorno/-/giorno-1.0.0.tgz",
      "integrity": "sha512-iNeWwLZqVDBP1j2ZF9st5EepofR2MVnsA1stJrtvWaZAC/C8K8FpG5sMC08SOsBP4oIfyGmvSbHsmj7YpDvNBQ=="
    },
    "queryfilters": {
      "version": "0.3.23",
      "resolved": "https://registry.npmjs.org/queryfilters/-/queryfilters-0.3.23.tgz",
      "integrity": "sha512-TD+rztEKi50peLNNlhCKIjm/rIQhyw4uIDKz7D3kPeqTW5I7ZRDyX1NPLLWccaYjl2XuDaJoBn+X0CKBT7wkJQ==",
      "requires": {
        "giorno": "1.0.0"
      }
    }
  }
}
